
Microsoft Visual Studio Solution File, Format Version 12.00
# Visual Studio Version 17
VisualStudioVersion = 17.11.35327.3
MinimumVisualStudioVersion = 10.0.40219.1
Project("{9A19103F-16F7-4668-BE54-9A1E7A4F7556}") = "PaymentServiceProvider", "PaymentServiceProvider\PaymentServiceProvider.csproj", "{301FDE89-D6C2-4F79-9A93-FD1A3EF566CD}"
EndProject
Project("{9A19103F-16F7-4668-BE54-9A1E7A4F7556}") = "BankService", "BankService\BankService.csproj", "{49B5A965-F588-4B54-906C-4976A37963BD}"
EndProject
Project("{9A19103F-16F7-4668-BE54-9A1E7A4F7556}") = "BitcoinPaymentService", "BitcoinPaymentService\BitcoinPaymentService.csproj", "{BAF0DD09-D615-45B0-B82A-0E35694306AB}"
EndProject
Project("{9A19103F-16F7-4668-BE54-9A1E7A4F7556}") = "PaymentCardCenterService", "PaymentCardCenterService\PaymentCardCenterService.csproj", "{FA674414-32F8-40E3-BDB2-9669B69CB20D}"
EndProject
Project("{9A19103F-16F7-4668-BE54-9A1E7A4F7556}") = "PayPalPaymentService", "PayPalPaymentService\PayPalPaymentService.csproj", "{00B0D408-6AED-4A2B-B749-136DAEB535F4}"
EndProject
Project("{9A19103F-16F7-4668-BE54-9A1E7A4F7556}") = "Gateway", "Gateway\Gateway.csproj", "{33688399-7FA8-4B07-924A-147975AFF35A}"
EndProject
Project("{9A19103F-16F7-4668-BE54-9A1E7A4F7556}") = "Telecom", "Telecom\Telecom.csproj", "{CBCA1226-E37D-45A7-8EF9-EA0A84E39F31}"
EndProject
Global
	GlobalSection(SolutionConfigurationPlatforms) = preSolution
		Debug|Any CPU = Debug|Any CPU
		Release|Any CPU = Release|Any CPU
	EndGlobalSection
	GlobalSection(ProjectConfigurationPlatforms) = postSolution
		{301FDE89-D6C2-4F79-9A93-FD1A3EF566CD}.Debug|Any CPU.ActiveCfg = Debug|Any CPU
		{301FDE89-D6C2-4F79-9A93-FD1A3EF566CD}.Debug|Any CPU.Build.0 = Debug|Any CPU
		{301FDE89-D6C2-4F79-9A93-FD1A3EF566CD}.Release|Any CPU.ActiveCfg = Release|Any CPU
		{301FDE89-D6C2-4F79-9A93-FD1A3EF566CD}.Release|Any CPU.Build.0 = Release|Any CPU
		{49B5A965-F588-4B54-906C-4976A37963BD}.Debug|Any CPU.ActiveCfg = Debug|Any CPU
		{49B5A965-F588-4B54-906C-4976A37963BD}.Debug|Any CPU.Build.0 = Debug|Any CPU
		{49B5A965-F588-4B54-906C-4976A37963BD}.Release|Any CPU.ActiveCfg = Release|Any CPU
		{49B5A965-F588-4B54-906C-4976A37963BD}.Release|Any CPU.Build.0 = Release|Any CPU
		{BAF0DD09-D615-45B0-B82A-0E35694306AB}.Debug|Any CPU.ActiveCfg = Debug|Any CPU
		{BAF0DD09-D615-45B0-B82A-0E35694306AB}.Debug|Any CPU.Build.0 = Debug|Any CPU
		{BAF0DD09-D615-45B0-B82A-0E35694306AB}.Release|Any CPU.ActiveCfg = Release|Any CPU
		{BAF0DD09-D615-45B0-B82A-0E35694306AB}.Release|Any CPU.Build.0 = Release|Any CPU
		{FA674414-32F8-40E3-BDB2-9669B69CB20D}.Debug|Any CPU.ActiveCfg = Debug|Any CPU
		{FA674414-32F8-40E3-BDB2-9669B69CB20D}.Debug|Any CPU.Build.0 = Debug|Any CPU
		{FA674414-32F8-40E3-BDB2-9669B69CB20D}.Release|Any CPU.ActiveCfg = Release|Any CPU
		{FA674414-32F8-40E3-BDB2-9669B69CB20D}.Release|Any CPU.Build.0 = Release|Any CPU
		{00B0D408-6AED-4A2B-B749-136DAEB535F4}.Debug|Any CPU.ActiveCfg = Debug|Any CPU
		{00B0D408-6AED-4A2B-B749-136DAEB535F4}.Debug|Any CPU.Build.0 = Debug|Any CPU
		{00B0D408-6AED-4A2B-B749-136DAEB535F4}.Release|Any CPU.ActiveCfg = Release|Any CPU
		{00B0D408-6AED-4A2B-B749-136DAEB535F4}.Release|Any CPU.Build.0 = Release|Any CPU
		{33688399-7FA8-4B07-924A-147975AFF35A}.Debug|Any CPU.ActiveCfg = Debug|Any CPU
		{33688399-7FA8-4B07-924A-147975AFF35A}.Debug|Any CPU.Build.0 = Debug|Any CPU
		{33688399-7FA8-4B07-924A-147975AFF35A}.Release|Any CPU.ActiveCfg = Release|Any CPU
		{33688399-7FA8-4B07-924A-147975AFF35A}.Release|Any CPU.Build.0 = Release|Any CPU
		{CBCA1226-E37D-45A7-8EF9-EA0A84E39F31}.Debug|Any CPU.ActiveCfg = Debug|Any CPU
		{CBCA1226-E37D-45A7-8EF9-EA0A84E39F31}.Debug|Any CPU.Build.0 = Debug|Any CPU
		{CBCA1226-E37D-45A7-8EF9-EA0A84E39F31}.Release|Any CPU.ActiveCfg = Release|Any CPU
		{CBCA1226-E37D-45A7-8EF9-EA0A84E39F31}.Release|Any CPU.Build.0 = Release|Any CPU
	EndGlobalSection
	GlobalSection(SolutionProperties) = preSolution
		HideSolutionNode = FALSE
	EndGlobalSection
	GlobalSection(ExtensibilityGlobals) = postSolution
		SolutionGuid = {3D21A2DD-AB3C-4B04-9594-68F8705FA59A}
	EndGlobalSection
EndGlobal
